
Microsoft Visual Studio Solution File, Format Version 12.00
# Visual Studio 14
VisualStudioVersion = 14.0.25420.1
MinimumVisualStudioVersion = 10.0.40219.1
Project("{FAE04EC0-301F-11D3-BF4B-00C04F79EFBC}") = "WarehouseSimulation", "WarehouseSimulation\WarehouseSimulation.csproj", "{FCA03D22-83AF-4773-845A-217FCBEB1BEE}"
	ProjectSection(ProjectDependencies) = postProject
		{C5540A96-5054-4069-85EF-26FC86ED928A} = {C5540A96-5054-4069-85EF-26FC86ED928A}
	EndProjectSection
EndProject
Project("{FAE04EC0-301F-11D3-BF4B-00C04F79EFBC}") = "SimulationObjects", "SimulationObjects\SimulationObjects.csproj", "{C5540A96-5054-4069-85EF-26FC86ED928A}"
EndProject
Project("{FAE04EC0-301F-11D3-BF4B-00C04F79EFBC}") = "Infrastructure", "Infrastructure\Infrastructure.csproj", "{2C43586B-168C-473F-976C-B2150600AC6F}"
EndProject
Global
	GlobalSection(SolutionConfigurationPlatforms) = preSolution
		Debug|Any CPU = Debug|Any CPU
		Release|Any CPU = Release|Any CPU
	EndGlobalSection
	GlobalSection(ProjectConfigurationPlatforms) = postSolution
		{FCA03D22-83AF-4773-845A-217FCBEB1BEE}.Debug|Any CPU.ActiveCfg = Debug|Any CPU
		{FCA03D22-83AF-4773-845A-217FCBEB1BEE}.Debug|Any CPU.Build.0 = Debug|Any CPU
		{FCA03D22-83AF-4773-845A-217FCBEB1BEE}.Release|Any CPU.ActiveCfg = Release|Any CPU
		{FCA03D22-83AF-4773-845A-217FCBEB1BEE}.Release|Any CPU.Build.0 = Release|Any CPU
		{C5540A96-5054-4069-85EF-26FC86ED928A}.Debug|Any CPU.ActiveCfg = Debug|Any CPU
		{C5540A96-5054-4069-85EF-26FC86ED928A}.Debug|Any CPU.Build.0 = Debug|Any CPU
		{C5540A96-5054-4069-85EF-26FC86ED928A}.Release|Any CPU.ActiveCfg = Release|Any CPU
		{C5540A96-5054-4069-85EF-26FC86ED928A}.Release|Any CPU.Build.0 = Release|Any CPU
		{2C43586B-168C-473F-976C-B2150600AC6F}.Debug|Any CPU.ActiveCfg = Debug|Any CPU
		{2C43586B-168C-473F-976C-B2150600AC6F}.Debug|Any CPU.Build.0 = Debug|Any CPU
		{2C43586B-168C-473F-976C-B2150600AC6F}.Release|Any CPU.ActiveCfg = Release|Any CPU
		{2C43586B-168C-473F-976C-B2150600AC6F}.Release|Any CPU.Build.0 = Release|Any CPU
	EndGlobalSection
	GlobalSection(SolutionProperties) = preSolution
		HideSolutionNode = FALSE
	EndGlobalSection
EndGlobal
